
Microsoft Visual Studio Solution File, Format Version 12.00
# Visual Studio Version 17
VisualStudioVersion = 17.0.32112.339
MinimumVisualStudioVersion = 10.0.40219.1
Project("{9A19103F-16F7-4668-BE54-9A1E7A4F7556}") = "HieuLe.Kafka.Example.Microservice.OrderService", "HieuLe.Kafka.Example.Microservice.OrderService\HieuLe.Kafka.Example.Microservice.OrderService.csproj", "{C92E4D6E-A0E5-44D4-A3EC-74D8EF058F73}"
EndProject
Project("{2150E333-8FDC-42A3-9474-1A3956D46DE8}") = "Solution Items", "Solution Items", "{DEF4FD33-E392-4BB3-9BF0-46A82BC8E284}"
	ProjectSection(SolutionItems) = preProject
		.editorconfig = .editorconfig
		.filenesting.json = .filenesting.json
	EndProjectSection
EndProject
Project("{E53339B2-1760-4266-BCC7-CA923CBCF16C}") = "docker-compose", "docker-compose.dcproj", "{2FD53CD6-D85B-4FBB-883F-3C8BA745AE00}"
EndProject
Project("{9A19103F-16F7-4668-BE54-9A1E7A4F7556}") = "HieuLe.Kafka.Example.Microservice.OrderDetailsService", "HieuLe.Kafka.Example.Microservice.OrderDetailsService\HieuLe.Kafka.Example.Microservice.OrderDetailsService.csproj", "{D0E61D6B-F4C2-46FA-8FFE-97393DB433FA}"
EndProject
Project("{9A19103F-16F7-4668-BE54-9A1E7A4F7556}") = "HieuLe.Kafka.Example.Microservice.Shared", "HieuLe.Kafka.Example.Microservice.Shared\HieuLe.Kafka.Example.Microservice.Shared.csproj", "{A7025992-145E-458B-A74B-5F7FFA0431A0}"
EndProject
Project("{9A19103F-16F7-4668-BE54-9A1E7A4F7556}") = "HieuLe.Kafka.Example.Microservice.FraudService", "HieuLe.Kafka.Example.Microservice.FraudService\HieuLe.Kafka.Example.Microservice.FraudService.csproj", "{1980B406-FFCC-492E-B313-39DC0883B5B2}"
EndProject
Project("{FAE04EC0-301F-11D3-BF4B-00C04F79EFBC}") = "PG.BDS.MessageBus", "..\PG.BDS.MessageBus\PG.BDS.MessageBus.csproj", "{DFA143A9-89D2-4BF1-85C1-F93ED132C6DB}"
EndProject
Project("{FAE04EC0-301F-11D3-BF4B-00C04F79EFBC}") = "PG.BDS.MessageBus.Kafka", "..\PG.BDS.MessageBus.Kafka\PG.BDS.MessageBus.Kafka.csproj", "{36FCD5C0-4106-41D2-9A8D-AF6553DB0C6D}"
EndProject
Global
	GlobalSection(SolutionConfigurationPlatforms) = preSolution
		Debug|Any CPU = Debug|Any CPU
		Release|Any CPU = Release|Any CPU
	EndGlobalSection
	GlobalSection(ProjectConfigurationPlatforms) = postSolution
		{C92E4D6E-A0E5-44D4-A3EC-74D8EF058F73}.Debug|Any CPU.ActiveCfg = Debug|Any CPU
		{C92E4D6E-A0E5-44D4-A3EC-74D8EF058F73}.Debug|Any CPU.Build.0 = Debug|Any CPU
		{C92E4D6E-A0E5-44D4-A3EC-74D8EF058F73}.Release|Any CPU.ActiveCfg = Release|Any CPU
		{C92E4D6E-A0E5-44D4-A3EC-74D8EF058F73}.Release|Any CPU.Build.0 = Release|Any CPU
		{2FD53CD6-D85B-4FBB-883F-3C8BA745AE00}.Debug|Any CPU.ActiveCfg = Debug|Any CPU
		{2FD53CD6-D85B-4FBB-883F-3C8BA745AE00}.Debug|Any CPU.Build.0 = Debug|Any CPU
		{2FD53CD6-D85B-4FBB-883F-3C8BA745AE00}.Release|Any CPU.ActiveCfg = Release|Any CPU
		{2FD53CD6-D85B-4FBB-883F-3C8BA745AE00}.Release|Any CPU.Build.0 = Release|Any CPU
		{D0E61D6B-F4C2-46FA-8FFE-97393DB433FA}.Debug|Any CPU.ActiveCfg = Debug|Any CPU
		{D0E61D6B-F4C2-46FA-8FFE-97393DB433FA}.Debug|Any CPU.Build.0 = Debug|Any CPU
		{D0E61D6B-F4C2-46FA-8FFE-97393DB433FA}.Release|Any CPU.ActiveCfg = Release|Any CPU
		{D0E61D6B-F4C2-46FA-8FFE-97393DB433FA}.Release|Any CPU.Build.0 = Release|Any CPU
		{A7025992-145E-458B-A74B-5F7FFA0431A0}.Debug|Any CPU.ActiveCfg = Debug|Any CPU
		{A7025992-145E-458B-A74B-5F7FFA0431A0}.Debug|Any CPU.Build.0 = Debug|Any CPU
		{A7025992-145E-458B-A74B-5F7FFA0431A0}.Release|Any CPU.ActiveCfg = Release|Any CPU
		{A7025992-145E-458B-A74B-5F7FFA0431A0}.Release|Any CPU.Build.0 = Release|Any CPU
		{1980B406-FFCC-492E-B313-39DC0883B5B2}.Debug|Any CPU.ActiveCfg = Debug|Any CPU
		{1980B406-FFCC-492E-B313-39DC0883B5B2}.Debug|Any CPU.Build.0 = Debug|Any CPU
		{1980B406-FFCC-492E-B313-39DC0883B5B2}.Release|Any CPU.ActiveCfg = Release|Any CPU
		{1980B406-FFCC-492E-B313-39DC0883B5B2}.Release|Any CPU.Build.0 = Release|Any CPU
		{DFA143A9-89D2-4BF1-85C1-F93ED132C6DB}.Debug|Any CPU.ActiveCfg = Debug|Any CPU
		{DFA143A9-89D2-4BF1-85C1-F93ED132C6DB}.Debug|Any CPU.Build.0 = Debug|Any CPU
		{DFA143A9-89D2-4BF1-85C1-F93ED132C6DB}.Release|Any CPU.ActiveCfg = Release|Any CPU
		{DFA143A9-89D2-4BF1-85C1-F93ED132C6DB}.Release|Any CPU.Build.0 = Release|Any CPU
		{36FCD5C0-4106-41D2-9A8D-AF6553DB0C6D}.Debug|Any CPU.ActiveCfg = Debug|Any CPU
		{36FCD5C0-4106-41D2-9A8D-AF6553DB0C6D}.Debug|Any CPU.Build.0 = Debug|Any CPU
		{36FCD5C0-4106-41D2-9A8D-AF6553DB0C6D}.Release|Any CPU.ActiveCfg = Release|Any CPU
		{36FCD5C0-4106-41D2-9A8D-AF6553DB0C6D}.Release|Any CPU.Build.0 = Release|Any CPU
	EndGlobalSection
	GlobalSection(SolutionProperties) = preSolution
		HideSolutionNode = FALSE
	EndGlobalSection
	GlobalSection(ExtensibilityGlobals) = postSolution
		SolutionGuid = {E267A8D5-481C-4A79-8DC8-5FE77969C0C9}
	EndGlobalSection
EndGlobal
